
Microsoft Visual Studio Solution File, Format Version 12.00
Project("{FAE04EC0-301F-11D3-BF4B-00C04F79EFBC}") = "CMS.Main", "src\CMS.Main\CMS.Main.csproj", "{813B355D-C916-43BD-8CEF-23C223DD44D5}"
EndProject
Project("{FAE04EC0-301F-11D3-BF4B-00C04F79EFBC}") = "CMS.Tests", "tests\CMS.Tests\CMS.Tests.csproj", "{B21F2F7A-5F4E-4A5E-A4F7-9D55F2E6C1A2}"
EndProject
Project("{2150E333-8FDC-42A3-9474-1A3956D46DE8}") = "src", "src", "{45022A65-AA96-40C0-A972-C478679A0807}"
EndProject
Project("{2150E333-8FDC-42A3-9474-1A3956D46DE8}") = "tests", "tests", "{D90D3527-5BF5-4CA6-9ED6-284D60970BF9}"
EndProject
Global
	GlobalSection(SolutionConfigurationPlatforms) = preSolution
		Debug|Any CPU = Debug|Any CPU
		Release|Any CPU = Release|Any CPU
	EndGlobalSection
	GlobalSection(ProjectConfigurationPlatforms) = postSolution
		{813B355D-C916-43BD-8CEF-23C223DD44D5}.Debug|Any CPU.ActiveCfg = Debug|Any CPU
		{813B355D-C916-43BD-8CEF-23C223DD44D5}.Debug|Any CPU.Build.0 = Debug|Any CPU
		{813B355D-C916-43BD-8CEF-23C223DD44D5}.Release|Any CPU.ActiveCfg = Release|Any CPU
		{813B355D-C916-43BD-8CEF-23C223DD44D5}.Release|Any CPU.Build.0 = Release|Any CPU
		{B21F2F7A-5F4E-4A5E-A4F7-9D55F2E6C1A2}.Debug|Any CPU.ActiveCfg = Debug|Any CPU
		{B21F2F7A-5F4E-4A5E-A4F7-9D55F2E6C1A2}.Debug|Any CPU.Build.0 = Debug|Any CPU
		{B21F2F7A-5F4E-4A5E-A4F7-9D55F2E6C1A2}.Release|Any CPU.ActiveCfg = Release|Any CPU
		{B21F2F7A-5F4E-4A5E-A4F7-9D55F2E6C1A2}.Release|Any CPU.Build.0 = Release|Any CPU
	EndGlobalSection
	GlobalSection(SolutionProperties) = preSolution
		HideSolutionNode = FALSE
	EndGlobalSection
	GlobalSection(NestedProjects) = preSolution
		{813B355D-C916-43BD-8CEF-23C223DD44D5} = {45022A65-AA96-40C0-A972-C478679A0807}
		{B21F2F7A-5F4E-4A5E-A4F7-9D55F2E6C1A2} = {D90D3527-5BF5-4CA6-9ED6-284D60970BF9}
	EndGlobalSection
EndGlobal
